
Microsoft Visual Studio Solution File, Format Version 12.00
# Visual Studio Version 17
VisualStudioVersion = 17.4.33213.308
MinimumVisualStudioVersion = 10.0.40219.1
Project("{FAE04EC0-301F-11D3-BF4B-00C04F79EFBC}") = "Crawler-Proxy-Servers", "Crawler-Proxy-Servers\Crawler-Proxy-Servers.csproj", "{5D23A741-70D1-40D9-ADA6-77D5A05BCD19}"
EndProject
Global
	GlobalSection(SolutionConfigurationPlatforms) = preSolution
		Debug|Any CPU = Debug|Any CPU
		Release|Any CPU = Release|Any CPU
	EndGlobalSection
	GlobalSection(ProjectConfigurationPlatforms) = postSolution
		{5D23A741-70D1-40D9-ADA6-77D5A05BCD19}.Debug|Any CPU.ActiveCfg = Debug|Any CPU
		{5D23A741-70D1-40D9-ADA6-77D5A05BCD19}.Debug|Any CPU.Build.0 = Debug|Any CPU
		{5D23A741-70D1-40D9-ADA6-77D5A05BCD19}.Release|Any CPU.ActiveCfg = Release|Any CPU
		{5D23A741-70D1-40D9-ADA6-77D5A05BCD19}.Release|Any CPU.Build.0 = Release|Any CPU
	EndGlobalSection
	GlobalSection(SolutionProperties) = preSolution
		HideSolutionNode = FALSE
	EndGlobalSection
	GlobalSection(ExtensibilityGlobals) = postSolution
		SolutionGuid = {BEC3AE60-1977-40D1-8458-9EC70E6954CB}
	EndGlobalSection
EndGlobal
